{
  "name": "fullstack-projekt",
  "lockfileVersion": 3,
  "requires": true,
  "packages": {
    "": {
      "dependencies": {
        "react-checkmark": "^1.4.0"
      }
    },
    "node_modules/react-checkmark": {
      "version": "1.4.0",
      "resolved": "https://registry.npmjs.org/react-checkmark/-/react-checkmark-1.4.0.tgz",
      "integrity": "sha512-9ESId716ltic7qnvFrB2YicM1smryCfgvqSsYbCJuaWAYnuKMz22v+iubyx009UMxTjzGqVH7Zrf1DevoTVcPw==",
      "peerDependencies": {
        "prop-types": "^15.7.2",
        "react": "^16.8.6"
      }
    }
  }
}
